
Microsoft Visual Studio Solution File, Format Version 11.00
# Visual Studio 2010
Project("{FAE04EC0-301F-11D3-BF4B-00C04F79EFBC}") = "Assembly-CSharp", "Assembly-CSharp.csproj", "{7FB6AD55-D850-78FF-913E-7578700E796E}"
EndProject
Project("{FAE04EC0-301F-11D3-BF4B-00C04F79EFBC}") = "Assembly-CSharp-Editor", "Assembly-CSharp-Editor.csproj", "{1B8D4D4B-A79E-7432-84A9-FE75E5DD205D}"
EndProject
Global
	GlobalSection(SolutionConfigurationPlatforms) = preSolution
		Debug|Any CPU = Debug|Any CPU
		Release|Any CPU = Release|Any CPU
	EndGlobalSection
	GlobalSection(ProjectConfigurationPlatforms) = postSolution
		{7FB6AD55-D850-78FF-913E-7578700E796E}.Debug|Any CPU.ActiveCfg = Debug|Any CPU
		{7FB6AD55-D850-78FF-913E-7578700E796E}.Debug|Any CPU.Build.0 = Debug|Any CPU
		{7FB6AD55-D850-78FF-913E-7578700E796E}.Release|Any CPU.ActiveCfg = Release|Any CPU
		{7FB6AD55-D850-78FF-913E-7578700E796E}.Release|Any CPU.Build.0 = Release|Any CPU
		{1B8D4D4B-A79E-7432-84A9-FE75E5DD205D}.Debug|Any CPU.ActiveCfg = Debug|Any CPU
		{1B8D4D4B-A79E-7432-84A9-FE75E5DD205D}.Debug|Any CPU.Build.0 = Debug|Any CPU
		{1B8D4D4B-A79E-7432-84A9-FE75E5DD205D}.Release|Any CPU.ActiveCfg = Release|Any CPU
		{1B8D4D4B-A79E-7432-84A9-FE75E5DD205D}.Release|Any CPU.Build.0 = Release|Any CPU
	EndGlobalSection
	GlobalSection(SolutionProperties) = preSolution
		HideSolutionNode = FALSE
	EndGlobalSection
	GlobalSection(MonoDevelopProperties) = preSolution
		StartupItem = Assembly-CSharp.csproj
	EndGlobalSection
EndGlobal
